
Microsoft Visual Studio Solution File, Format Version 12.00
# Visual Studio 15
VisualStudioVersion = 15.0.26730.8
MinimumVisualStudioVersion = 10.0.40219.1
Project("{FAE04EC0-301F-11D3-BF4B-00C04F79EFBC}") = "Classes", "Classes\Classes.csproj", "{DC2C88A8-6493-4DF8-A444-981492859D71}"
EndProject
Global
	GlobalSection(SolutionConfigurationPlatforms) = preSolution
		Debug|Any CPU = Debug|Any CPU
		Release|Any CPU = Release|Any CPU
	EndGlobalSection
	GlobalSection(ProjectConfigurationPlatforms) = postSolution
		{DC2C88A8-6493-4DF8-A444-981492859D71}.Debug|Any CPU.ActiveCfg = Debug|Any CPU
		{DC2C88A8-6493-4DF8-A444-981492859D71}.Debug|Any CPU.Build.0 = Debug|Any CPU
		{DC2C88A8-6493-4DF8-A444-981492859D71}.Release|Any CPU.ActiveCfg = Release|Any CPU
		{DC2C88A8-6493-4DF8-A444-981492859D71}.Release|Any CPU.Build.0 = Release|Any CPU
	EndGlobalSection
	GlobalSection(SolutionProperties) = preSolution
		HideSolutionNode = FALSE
	EndGlobalSection
	GlobalSection(ExtensibilityGlobals) = postSolution
		SolutionGuid = {AED0CB71-DFF2-41DA-8FA0-6C5F5F4459DA}
	EndGlobalSection
EndGlobal
